// !$*UTF8*$!
{
	archiveVersion = 1;
	classes = {
	};
	objectVersion = 55;
	objects = {

/* Begin PBXBuildFile section */
		113C0334281D1EE4002352E4 /* Secrets.plist in Resources */ = {isa = PBXBuildFile; fileRef = 113C0333281D1EE4002352E4 /* Secrets.plist */; };
		113C0363281D2861002352E4 /* Secrets.swift in Sources */ = {isa = PBXBuildFile; fileRef = 113C0362281D2861002352E4 /* Secrets.swift */; };
		113C037D281D2B03002352E4 /* MarvelAPIIntegrationTests.swift in Sources */ = {isa = PBXBuildFile; fileRef = 113C037C281D2B03002352E4 /* MarvelAPIIntegrationTests.swift */; };
		11467D0D2823B202000C8A12 /* CharacterListViewController.swift in Sources */ = {isa = PBXBuildFile; fileRef = 11467D0B2823B202000C8A12 /* CharacterListViewController.swift */; };
		11467D102823B58A000C8A12 /* CharacterListViewModel.swift in Sources */ = {isa = PBXBuildFile; fileRef = 11467D0F2823B58A000C8A12 /* CharacterListViewModel.swift */; };
		11467D1D2823D45E000C8A12 /* ReusableView.swift in Sources */ = {isa = PBXBuildFile; fileRef = 11467D1C2823D45E000C8A12 /* ReusableView.swift */; };
		11467D1F2823D579000C8A12 /* NibLoadableView.swift in Sources */ = {isa = PBXBuildFile; fileRef = 11467D1E2823D579000C8A12 /* NibLoadableView.swift */; };
		11467D212823D5AD000C8A12 /* UICollectionView+Utils.swift in Sources */ = {isa = PBXBuildFile; fileRef = 11467D202823D5AD000C8A12 /* UICollectionView+Utils.swift */; };
		11467D292823DDE9000C8A12 /* ImageCollectionViewCell.swift in Sources */ = {isa = PBXBuildFile; fileRef = 11467D272823DDE9000C8A12 /* ImageCollectionViewCell.swift */; };
		11467D2A2823DDE9000C8A12 /* ImageCollectionViewCell.xib in Resources */ = {isa = PBXBuildFile; fileRef = 11467D282823DDE9000C8A12 /* ImageCollectionViewCell.xib */; };
		11E05185281D190400451790 /* AppDelegate.swift in Sources */ = {isa = PBXBuildFile; fileRef = 11E05184281D190400451790 /* AppDelegate.swift */; };
		11E05187281D190400451790 /* SceneDelegate.swift in Sources */ = {isa = PBXBuildFile; fileRef = 11E05186281D190400451790 /* SceneDelegate.swift */; };
		11E0518E281D190900451790 /* Assets.xcassets in Resources */ = {isa = PBXBuildFile; fileRef = 11E0518D281D190900451790 /* Assets.xcassets */; };
		11E05191281D190900451790 /* LaunchScreen.storyboard in Resources */ = {isa = PBXBuildFile; fileRef = 11E0518F281D190900451790 /* LaunchScreen.storyboard */; };
		11E0519C281D190A00451790 /* MarvelAppTests.swift in Sources */ = {isa = PBXBuildFile; fileRef = 11E0519B281D190A00451790 /* MarvelAppTests.swift */; };
		11E051A6281D190A00451790 /* MarvelAppUITests.swift in Sources */ = {isa = PBXBuildFile; fileRef = 11E051A5281D190A00451790 /* MarvelAppUITests.swift */; };
		11E051A8281D190A00451790 /* MarvelAppUITestsLaunchTests.swift in Sources */ = {isa = PBXBuildFile; fileRef = 11E051A7281D190A00451790 /* MarvelAppUITestsLaunchTests.swift */; };
		11E051B6281D193C00451790 /* MarvelAPI.framework in Frameworks */ = {isa = PBXBuildFile; fileRef = 11E051B5281D193C00451790 /* MarvelAPI.framework */; };
		11E051B7281D193C00451790 /* MarvelAPI.framework in Embed Frameworks */ = {isa = PBXBuildFile; fileRef = 11E051B5281D193C00451790 /* MarvelAPI.framework */; settings = {ATTRIBUTES = (CodeSignOnCopy, RemoveHeadersOnCopy, ); }; };
		11F552C528241FA9002B3CB8 /* CharacterDetailViewController.swift in Sources */ = {isa = PBXBuildFile; fileRef = 11467D132823B5BD000C8A12 /* CharacterDetailViewController.swift */; };
		11F552C628241FAF002B3CB8 /* CharacterDetailViewController.xib in Resources */ = {isa = PBXBuildFile; fileRef = 11467D112823B5BD000C8A12 /* CharacterDetailViewController.xib */; };
		11F552C728241FB2002B3CB8 /* CharacterDetailViewModel.swift in Sources */ = {isa = PBXBuildFile; fileRef = 11467D122823B5BD000C8A12 /* CharacterDetailViewModel.swift */; };
		11F552CA2824A67B002B3CB8 /* GroupCollectionViewLayout.swift in Sources */ = {isa = PBXBuildFile; fileRef = 11F552C92824A67B002B3CB8 /* GroupCollectionViewLayout.swift */; };
		11F552CD2824AC79002B3CB8 /* MarvelCharacter.swift in Sources */ = {isa = PBXBuildFile; fileRef = 11F552CC2824AC79002B3CB8 /* MarvelCharacter.swift */; };
		11F552CF2824B01B002B3CB8 /* SimpleLayout.swift in Sources */ = {isa = PBXBuildFile; fileRef = 11F552CE2824B01B002B3CB8 /* SimpleLayout.swift */; };
		11F552D22824B283002B3CB8 /* URLSession+Cache.swift in Sources */ = {isa = PBXBuildFile; fileRef = 11F552D12824B283002B3CB8 /* URLSession+Cache.swift */; };
		11F552D42824B460002B3CB8 /* WireFrame.swift in Sources */ = {isa = PBXBuildFile; fileRef = 11F552D32824B460002B3CB8 /* WireFrame.swift */; };
/* End PBXBuildFile section */

/* Begin PBXContainerItemProxy section */
		113C0377281D2AD8002352E4 /* PBXContainerItemProxy */ = {
			isa = PBXContainerItemProxy;
			containerPortal = 11E05179281D190400451790 /* Project object */;
			proxyType = 1;
			remoteGlobalIDString = 11E05180281D190400451790;
			remoteInfo = MarvelApp;
		};
		11E05198281D190A00451790 /* PBXContainerItemProxy */ = {
			isa = PBXContainerItemProxy;
			containerPortal = 11E05179281D190400451790 /* Project object */;
			proxyType = 1;
			remoteGlobalIDString = 11E05180281D190400451790;
			remoteInfo = MarvelApp;
		};
		11E051A2281D190A00451790 /* PBXContainerItemProxy */ = {
			isa = PBXContainerItemProxy;
			containerPortal = 11E05179281D190400451790 /* Project object */;
			proxyType = 1;
			remoteGlobalIDString = 11E05180281D190400451790;
			remoteInfo = MarvelApp;
		};
/* End PBXContainerItemProxy section */

/* Begin PBXCopyFilesBuildPhase section */
		11E051B8281D193C00451790 /* Embed Frameworks */ = {
			isa = PBXCopyFilesBuildPhase;
			buildActionMask = 2147483647;
			dstPath = "";
			dstSubfolderSpec = 10;
			files = (
				11E051B7281D193C00451790 /* MarvelAPI.framework in Embed Frameworks */,
			);
			name = "Embed Frameworks";
			runOnlyForDeploymentPostprocessing = 0;
		};
/* End PBXCopyFilesBuildPhase section */

/* Begin PBXFileReference section */
		113C0333281D1EE4002352E4 /* Secrets.plist */ = {isa = PBXFileReference; fileEncoding = 4; lastKnownFileType = text.plist.xml; path = Secrets.plist; sourceTree = "<group>"; };
		113C0362281D2861002352E4 /* Secrets.swift */ = {isa = PBXFileReference; lastKnownFileType = sourcecode.swift; path = Secrets.swift; sourceTree = "<group>"; };
		113C0373281D2AD8002352E4 /* MarvelAppIntegrationTests.xctest */ = {isa = PBXFileReference; explicitFileType = wrapper.cfbundle; includeInIndex = 0; path = MarvelAppIntegrationTests.xctest; sourceTree = BUILT_PRODUCTS_DIR; };
		113C037C281D2B03002352E4 /* MarvelAPIIntegrationTests.swift */ = {isa = PBXFileReference; lastKnownFileType = sourcecode.swift; path = MarvelAPIIntegrationTests.swift; sourceTree = "<group>"; };
		11467D0B2823B202000C8A12 /* CharacterListViewController.swift */ = {isa = PBXFileReference; lastKnownFileType = sourcecode.swift; path = CharacterListViewController.swift; sourceTree = "<group>"; };
		11467D0F2823B58A000C8A12 /* CharacterListViewModel.swift */ = {isa = PBXFileReference; lastKnownFileType = sourcecode.swift; path = CharacterListViewModel.swift; sourceTree = "<group>"; };
		11467D112823B5BD000C8A12 /* CharacterDetailViewController.xib */ = {isa = PBXFileReference; lastKnownFileType = file.xib; path = CharacterDetailViewController.xib; sourceTree = "<group>"; };
		11467D122823B5BD000C8A12 /* CharacterDetailViewModel.swift */ = {isa = PBXFileReference; lastKnownFileType = sourcecode.swift; path = CharacterDetailViewModel.swift; sourceTree = "<group>"; };
		11467D132823B5BD000C8A12 /* CharacterDetailViewController.swift */ = {isa = PBXFileReference; lastKnownFileType = sourcecode.swift; path = CharacterDetailViewController.swift; sourceTree = "<group>"; };
		11467D1C2823D45E000C8A12 /* ReusableView.swift */ = {isa = PBXFileReference; lastKnownFileType = sourcecode.swift; path = ReusableView.swift; sourceTree = "<group>"; };
		11467D1E2823D579000C8A12 /* NibLoadableView.swift */ = {isa = PBXFileReference; lastKnownFileType = sourcecode.swift; path = NibLoadableView.swift; sourceTree = "<group>"; };
		11467D202823D5AD000C8A12 /* UICollectionView+Utils.swift */ = {isa = PBXFileReference; lastKnownFileType = sourcecode.swift; path = "UICollectionView+Utils.swift"; sourceTree = "<group>"; };
		11467D272823DDE9000C8A12 /* ImageCollectionViewCell.swift */ = {isa = PBXFileReference; lastKnownFileType = sourcecode.swift; path = ImageCollectionViewCell.swift; sourceTree = "<group>"; };
		11467D282823DDE9000C8A12 /* ImageCollectionViewCell.xib */ = {isa = PBXFileReference; lastKnownFileType = file.xib; path = ImageCollectionViewCell.xib; sourceTree = "<group>"; };
		11E05181281D190400451790 /* MarvelApp.app */ = {isa = PBXFileReference; explicitFileType = wrapper.application; includeInIndex = 0; path = MarvelApp.app; sourceTree = BUILT_PRODUCTS_DIR; };
		11E05184281D190400451790 /* AppDelegate.swift */ = {isa = PBXFileReference; lastKnownFileType = sourcecode.swift; path = AppDelegate.swift; sourceTree = "<group>"; };
		11E05186281D190400451790 /* SceneDelegate.swift */ = {isa = PBXFileReference; lastKnownFileType = sourcecode.swift; path = SceneDelegate.swift; sourceTree = "<group>"; };
		11E0518D281D190900451790 /* Assets.xcassets */ = {isa = PBXFileReference; lastKnownFileType = folder.assetcatalog; path = Assets.xcassets; sourceTree = "<group>"; };
		11E05190281D190900451790 /* Base */ = {isa = PBXFileReference; lastKnownFileType = file.storyboard; name = Base; path = Base.lproj/LaunchScreen.storyboard; sourceTree = "<group>"; };
		11E05192281D190900451790 /* Info.plist */ = {isa = PBXFileReference; lastKnownFileType = text.plist.xml; path = Info.plist; sourceTree = "<group>"; };
		11E05197281D190A00451790 /* MarvelAppTests.xctest */ = {isa = PBXFileReference; explicitFileType = wrapper.cfbundle; includeInIndex = 0; path = MarvelAppTests.xctest; sourceTree = BUILT_PRODUCTS_DIR; };
		11E0519B281D190A00451790 /* MarvelAppTests.swift */ = {isa = PBXFileReference; lastKnownFileType = sourcecode.swift; path = MarvelAppTests.swift; sourceTree = "<group>"; };
		11E051A1281D190A00451790 /* MarvelAppUITests.xctest */ = {isa = PBXFileReference; explicitFileType = wrapper.cfbundle; includeInIndex = 0; path = MarvelAppUITests.xctest; sourceTree = BUILT_PRODUCTS_DIR; };
		11E051A5281D190A00451790 /* MarvelAppUITests.swift */ = {isa = PBXFileReference; lastKnownFileType = sourcecode.swift; path = MarvelAppUITests.swift; sourceTree = "<group>"; };
		11E051A7281D190A00451790 /* MarvelAppUITestsLaunchTests.swift */ = {isa = PBXFileReference; lastKnownFileType = sourcecode.swift; path = MarvelAppUITestsLaunchTests.swift; sourceTree = "<group>"; };
		11E051B5281D193C00451790 /* MarvelAPI.framework */ = {isa = PBXFileReference; explicitFileType = wrapper.framework; path = MarvelAPI.framework; sourceTree = BUILT_PRODUCTS_DIR; };
		11F552C92824A67B002B3CB8 /* GroupCollectionViewLayout.swift */ = {isa = PBXFileReference; lastKnownFileType = sourcecode.swift; path = GroupCollectionViewLayout.swift; sourceTree = "<group>"; };
		11F552CC2824AC79002B3CB8 /* MarvelCharacter.swift */ = {isa = PBXFileReference; lastKnownFileType = sourcecode.swift; path = MarvelCharacter.swift; sourceTree = "<group>"; };
		11F552CE2824B01B002B3CB8 /* SimpleLayout.swift */ = {isa = PBXFileReference; lastKnownFileType = sourcecode.swift; path = SimpleLayout.swift; sourceTree = "<group>"; };
		11F552D12824B283002B3CB8 /* URLSession+Cache.swift */ = {isa = PBXFileReference; lastKnownFileType = sourcecode.swift; path = "URLSession+Cache.swift"; sourceTree = "<group>"; };
		11F552D32824B460002B3CB8 /* WireFrame.swift */ = {isa = PBXFileReference; lastKnownFileType = sourcecode.swift; path = WireFrame.swift; sourceTree = "<group>"; };
/* End PBXFileReference section */

/* Begin PBXFrameworksBuildPhase section */
		113C0370281D2AD8002352E4 /* Frameworks */ = {
			isa = PBXFrameworksBuildPhase;
			buildActionMask = 2147483647;
			files = (
			);
			runOnlyForDeploymentPostprocessing = 0;
		};
		11E0517E281D190400451790 /* Frameworks */ = {
			isa = PBXFrameworksBuildPhase;
			buildActionMask = 2147483647;
			files = (
				11E051B6281D193C00451790 /* MarvelAPI.framework in Frameworks */,
			);
			runOnlyForDeploymentPostprocessing = 0;
		};
		11E05194281D190A00451790 /* Frameworks */ = {
			isa = PBXFrameworksBuildPhase;
			buildActionMask = 2147483647;
			files = (
			);
			runOnlyForDeploymentPostprocessing = 0;
		};
		11E0519E281D190A00451790 /* Frameworks */ = {
			isa = PBXFrameworksBuildPhase;
			buildActionMask = 2147483647;
			files = (
			);
			runOnlyForDeploymentPostprocessing = 0;
		};
/* End PBXFrameworksBuildPhase section */

/* Begin PBXGroup section */
		113C0332281D1EBA002352E4 /* Secrets */ = {
			isa = PBXGroup;
			children = (
				113C0333281D1EE4002352E4 /* Secrets.plist */,
				113C0362281D2861002352E4 /* Secrets.swift */,
			);
			path = Secrets;
			sourceTree = "<group>";
		};
		113C0374281D2AD8002352E4 /* MarvelAppIntegrationTests */ = {
			isa = PBXGroup;
			children = (
				113C037C281D2B03002352E4 /* MarvelAPIIntegrationTests.swift */,
			);
			path = MarvelAppIntegrationTests;
			sourceTree = "<group>";
		};
		113C0391281E5DC4002352E4 /* Module */ = {
			isa = PBXGroup;
			children = (
				11F552CB2824AC70002B3CB8 /* Model */,
				113C0392281E5DCA002352E4 /* CharacterList */,
				113C0393281E5DD3002352E4 /* CharacterDetail */,
				11F552C428240825002B3CB8 /* Common */,
			);
			path = Module;
			sourceTree = "<group>";
		};
		113C0392281E5DCA002352E4 /* CharacterList */ = {
			isa = PBXGroup;
			children = (
				11467D0F2823B58A000C8A12 /* CharacterListViewModel.swift */,
				11467D0B2823B202000C8A12 /* CharacterListViewController.swift */,
			);
			path = CharacterList;
			sourceTree = "<group>";
		};
		113C0393281E5DD3002352E4 /* CharacterDetail */ = {
			isa = PBXGroup;
			children = (
				11467D122823B5BD000C8A12 /* CharacterDetailViewModel.swift */,
				11467D132823B5BD000C8A12 /* CharacterDetailViewController.swift */,
				11467D112823B5BD000C8A12 /* CharacterDetailViewController.xib */,
			);
			path = CharacterDetail;
			sourceTree = "<group>";
		};
		113C0394281E60AD002352E4 /* Support Files */ = {
			isa = PBXGroup;
			children = (
				11E0518D281D190900451790 /* Assets.xcassets */,
				11E0518F281D190900451790 /* LaunchScreen.storyboard */,
			);
			path = "Support Files";
			sourceTree = "<group>";
		};
		11467D1B2823D44C000C8A12 /* Extension */ = {
			isa = PBXGroup;
			children = (
				11467D1C2823D45E000C8A12 /* ReusableView.swift */,
				11467D1E2823D579000C8A12 /* NibLoadableView.swift */,
				11467D202823D5AD000C8A12 /* UICollectionView+Utils.swift */,
			);
			path = Extension;
			sourceTree = "<group>";
		};
		11467D222823D9D1000C8A12 /* CollectionViewCell */ = {
			isa = PBXGroup;
			children = (
				11467D272823DDE9000C8A12 /* ImageCollectionViewCell.swift */,
				11467D282823DDE9000C8A12 /* ImageCollectionViewCell.xib */,
			);
			path = CollectionViewCell;
			sourceTree = "<group>";
		};
		11E05178281D190400451790 = {
			isa = PBXGroup;
			children = (
				11E05183281D190400451790 /* MarvelApp */,
				11E0519A281D190A00451790 /* MarvelAppTests */,
				11E051A4281D190A00451790 /* MarvelAppUITests */,
				113C0374281D2AD8002352E4 /* MarvelAppIntegrationTests */,
				11E05182281D190400451790 /* Products */,
				11E051B4281D193C00451790 /* Frameworks */,
			);
			sourceTree = "<group>";
		};
		11E05182281D190400451790 /* Products */ = {
			isa = PBXGroup;
			children = (
				11E05181281D190400451790 /* MarvelApp.app */,
				11E05197281D190A00451790 /* MarvelAppTests.xctest */,
				11E051A1281D190A00451790 /* MarvelAppUITests.xctest */,
				113C0373281D2AD8002352E4 /* MarvelAppIntegrationTests.xctest */,
			);
			name = Products;
			sourceTree = "<group>";
		};
		11E05183281D190400451790 /* MarvelApp */ = {
			isa = PBXGroup;
			children = (
				11E05184281D190400451790 /* AppDelegate.swift */,
				11E05186281D190400451790 /* SceneDelegate.swift */,
				11F552D32824B460002B3CB8 /* WireFrame.swift */,
				113C0391281E5DC4002352E4 /* Module */,
				113C0394281E60AD002352E4 /* Support Files */,
				113C0332281D1EBA002352E4 /* Secrets */,
				11467D1B2823D44C000C8A12 /* Extension */,
				11E05192281D190900451790 /* Info.plist */,
			);
			path = MarvelApp;
			sourceTree = "<group>";
		};
		11E0519A281D190A00451790 /* MarvelAppTests */ = {
			isa = PBXGroup;
			children = (
				11E0519B281D190A00451790 /* MarvelAppTests.swift */,
			);
			path = MarvelAppTests;
			sourceTree = "<group>";
		};
		11E051A4281D190A00451790 /* MarvelAppUITests */ = {
			isa = PBXGroup;
			children = (
				11E051A5281D190A00451790 /* MarvelAppUITests.swift */,
				11E051A7281D190A00451790 /* MarvelAppUITestsLaunchTests.swift */,
			);
			path = MarvelAppUITests;
			sourceTree = "<group>";
		};
		11E051B4281D193C00451790 /* Frameworks */ = {
			isa = PBXGroup;
			children = (
				11E051B5281D193C00451790 /* MarvelAPI.framework */,
			);
			name = Frameworks;
			sourceTree = "<group>";
		};
		11F552C428240825002B3CB8 /* Common */ = {
			isa = PBXGroup;
			children = (
				11F552D02824B272002B3CB8 /* Networking */,
				11F552C82824A655002B3CB8 /* CollectionViewLayout */,
				11467D222823D9D1000C8A12 /* CollectionViewCell */,
			);
			path = Common;
			sourceTree = "<group>";
		};
		11F552C82824A655002B3CB8 /* CollectionViewLayout */ = {
			isa = PBXGroup;
			children = (
				11F552C92824A67B002B3CB8 /* GroupCollectionViewLayout.swift */,
				11F552CE2824B01B002B3CB8 /* SimpleLayout.swift */,
			);
			path = CollectionViewLayout;
			sourceTree = "<group>";
		};
		11F552CB2824AC70002B3CB8 /* Model */ = {
			isa = PBXGroup;
			children = (
				11F552CC2824AC79002B3CB8 /* MarvelCharacter.swift */,
			);
			path = Model;
			sourceTree = "<group>";
		};
		11F552D02824B272002B3CB8 /* Networking */ = {
			isa = PBXGroup;
			children = (
				11F552D12824B283002B3CB8 /* URLSession+Cache.swift */,
			);
			path = Networking;
			sourceTree = "<group>";
		};
/* End PBXGroup section */

/* Begin PBXNativeTarget section */
		113C0372281D2AD8002352E4 /* MarvelAppIntegrationTests */ = {
			isa = PBXNativeTarget;
			buildConfigurationList = 113C0379281D2AD8002352E4 /* Build configuration list for PBXNativeTarget "MarvelAppIntegrationTests" */;
			buildPhases = (
				113C036F281D2AD8002352E4 /* Sources */,
				113C0370281D2AD8002352E4 /* Frameworks */,
				113C0371281D2AD8002352E4 /* Resources */,
			);
			buildRules = (
			);
			dependencies = (
				113C0378281D2AD8002352E4 /* PBXTargetDependency */,
			);
			name = MarvelAppIntegrationTests;
			productName = MarvelAppIntegrationTests;
			productReference = 113C0373281D2AD8002352E4 /* MarvelAppIntegrationTests.xctest */;
			productType = "com.apple.product-type.bundle.unit-test";
		};
		11E05180281D190400451790 /* MarvelApp */ = {
			isa = PBXNativeTarget;
			buildConfigurationList = 11E051AB281D190A00451790 /* Build configuration list for PBXNativeTarget "MarvelApp" */;
			buildPhases = (
				11E051BB281D19C300451790 /* Secrets */,
				113C0390281E5BF4002352E4 /* SwiftLint */,
				11E0517E281D190400451790 /* Frameworks */,
				11E0517D281D190400451790 /* Sources */,
				11E0517F281D190400451790 /* Resources */,
				11E051B8281D193C00451790 /* Embed Frameworks */,
			);
			buildRules = (
			);
			dependencies = (
			);
			name = MarvelApp;
			productName = MarvelApp;
			productReference = 11E05181281D190400451790 /* MarvelApp.app */;
			productType = "com.apple.product-type.application";
		};
		11E05196281D190A00451790 /* MarvelAppTests */ = {
			isa = PBXNativeTarget;
			buildConfigurationList = 11E051AE281D190A00451790 /* Build configuration list for PBXNativeTarget "MarvelAppTests" */;
			buildPhases = (
				11E05193281D190A00451790 /* Sources */,
				11E05194281D190A00451790 /* Frameworks */,
				11E05195281D190A00451790 /* Resources */,
			);
			buildRules = (
			);
			dependencies = (
				11E05199281D190A00451790 /* PBXTargetDependency */,
			);
			name = MarvelAppTests;
			productName = MarvelAppTests;
			productReference = 11E05197281D190A00451790 /* MarvelAppTests.xctest */;
			productType = "com.apple.product-type.bundle.unit-test";
		};
		11E051A0281D190A00451790 /* MarvelAppUITests */ = {
			isa = PBXNativeTarget;
			buildConfigurationList = 11E051B1281D190A00451790 /* Build configuration list for PBXNativeTarget "MarvelAppUITests" */;
			buildPhases = (
				11E0519D281D190A00451790 /* Sources */,
				11E0519E281D190A00451790 /* Frameworks */,
				11E0519F281D190A00451790 /* Resources */,
			);
			buildRules = (
			);
			dependencies = (
				11E051A3281D190A00451790 /* PBXTargetDependency */,
			);
			name = MarvelAppUITests;
			productName = MarvelAppUITests;
			productReference = 11E051A1281D190A00451790 /* MarvelAppUITests.xctest */;
			productType = "com.apple.product-type.bundle.ui-testing";
		};
/* End PBXNativeTarget section */

/* Begin PBXProject section */
		11E05179281D190400451790 /* Project object */ = {
			isa = PBXProject;
			attributes = {
				BuildIndependentTargetsInParallel = 1;
				LastSwiftUpdateCheck = 1330;
				LastUpgradeCheck = 1330;
				TargetAttributes = {
					113C0372281D2AD8002352E4 = {
						CreatedOnToolsVersion = 13.3.1;
						LastSwiftMigration = 1330;
						TestTargetID = 11E05180281D190400451790;
					};
					11E05180281D190400451790 = {
						CreatedOnToolsVersion = 13.3.1;
					};
					11E05196281D190A00451790 = {
						CreatedOnToolsVersion = 13.3.1;
						TestTargetID = 11E05180281D190400451790;
					};
					11E051A0281D190A00451790 = {
						CreatedOnToolsVersion = 13.3.1;
						TestTargetID = 11E05180281D190400451790;
					};
				};
			};
			buildConfigurationList = 11E0517C281D190400451790 /* Build configuration list for PBXProject "MarvelApp" */;
			compatibilityVersion = "Xcode 13.0";
			developmentRegion = en;
			hasScannedForEncodings = 0;
			knownRegions = (
				en,
				Base,
			);
			mainGroup = 11E05178281D190400451790;
			productRefGroup = 11E05182281D190400451790 /* Products */;
			projectDirPath = "";
			projectRoot = "";
			targets = (
				11E05180281D190400451790 /* MarvelApp */,
				11E05196281D190A00451790 /* MarvelAppTests */,
				11E051A0281D190A00451790 /* MarvelAppUITests */,
				113C0372281D2AD8002352E4 /* MarvelAppIntegrationTests */,
			);
		};
/* End PBXProject section */

/* Begin PBXResourcesBuildPhase section */
		113C0371281D2AD8002352E4 /* Resources */ = {
			isa = PBXResourcesBuildPhase;
			buildActionMask = 2147483647;
			files = (
			);
			runOnlyForDeploymentPostprocessing = 0;
		};
		11E0517F281D190400451790 /* Resources */ = {
			isa = PBXResourcesBuildPhase;
			buildActionMask = 2147483647;
			files = (
				113C0334281D1EE4002352E4 /* Secrets.plist in Resources */,
				11E05191281D190900451790 /* LaunchScreen.storyboard in Resources */,
				11E0518E281D190900451790 /* Assets.xcassets in Resources */,
				11F552C628241FAF002B3CB8 /* CharacterDetailViewController.xib in Resources */,
				11467D2A2823DDE9000C8A12 /* ImageCollectionViewCell.xib in Resources */,
			);
			runOnlyForDeploymentPostprocessing = 0;
		};
		11E05195281D190A00451790 /* Resources */ = {
			isa = PBXResourcesBuildPhase;
			buildActionMask = 2147483647;
			files = (
			);
			runOnlyForDeploymentPostprocessing = 0;
		};
		11E0519F281D190A00451790 /* Resources */ = {
			isa = PBXResourcesBuildPhase;
			buildActionMask = 2147483647;
			files = (
			);
			runOnlyForDeploymentPostprocessing = 0;
		};
/* End PBXResourcesBuildPhase section */

/* Begin PBXShellScriptBuildPhase section */
		113C0390281E5BF4002352E4 /* SwiftLint */ = {
			isa = PBXShellScriptBuildPhase;
			buildActionMask = 2147483647;
			files = (
			);
			inputFileListPaths = (
			);
			inputPaths = (
			);
			name = SwiftLint;
			outputFileListPaths = (
			);
			outputPaths = (
			);
			runOnlyForDeploymentPostprocessing = 0;
			shellPath = /bin/sh;
			shellScript = "if which swiftlint > /dev/null; then\n    swiftlint --config ../.swiftlint.yml\nelse\n    echo \"warning: SwiftLint not installed, download from https://github.com/realm/SwiftLint\"\nfi\n";
		};
		11E051BB281D19C300451790 /* Secrets */ = {
			isa = PBXShellScriptBuildPhase;
			buildActionMask = 2147483647;
			files = (
			);
			inputFileListPaths = (
			);
			inputPaths = (
			);
			name = Secrets;
			outputFileListPaths = (
			);
			outputPaths = (
			);
			runOnlyForDeploymentPostprocessing = 0;
			shellPath = /bin/sh;
			shellScript = "#!/bin/bash\nset -e\n\nSECRET_FILE=$SRCROOT/$PRODUCT_NAME/Secrets/Secrets.plist\nSAMPLE_SECRET_FILE=$SRCROOT/$PRODUCT_NAME/Secrets/Secrets_example.plist\n\nif [ ! -f \"$SECRET_FILE\" ]; then\n  echo \"error: Setup API KEYs in Secrets.plist file.\"\n  cp -v \"${SAMPLE_SECRET_FILE}\" \"${SECRET_FILE}\"\nfi\n \nPUBLIC=`/usr/libexec/PlistBuddy -c \"Print :MarvelPublicKey\" $SECRET_FILE`\nPRIVATE=`/usr/libexec/PlistBuddy -c \"Print :MarvelPrivateKey\" $SECRET_FILE`\n\nif echo $PUBLIC | grep \"Enter\"; then\n  echo \"error: Setup API KEYs in Secrets.plist file.\"\n  exit 1\nfi\n\nif echo $PRIVATE | grep \"Enter\"; then\n  echo \"error: Setup API KEYs in Secrets.plist file.\"\n  exit 1\nfi\n";
		};
/* End PBXShellScriptBuildPhase section */

/* Begin PBXSourcesBuildPhase section */
		113C036F281D2AD8002352E4 /* Sources */ = {
			isa = PBXSourcesBuildPhase;
			buildActionMask = 2147483647;
			files = (
				113C037D281D2B03002352E4 /* MarvelAPIIntegrationTests.swift in Sources */,
			);
			runOnlyForDeploymentPostprocessing = 0;
		};
		11E0517D281D190400451790 /* Sources */ = {
			isa = PBXSourcesBuildPhase;
			buildActionMask = 2147483647;
			files = (
				11F552CD2824AC79002B3CB8 /* MarvelCharacter.swift in Sources */,
				11F552CA2824A67B002B3CB8 /* GroupCollectionViewLayout.swift in Sources */,
				11467D1F2823D579000C8A12 /* NibLoadableView.swift in Sources */,
				113C0363281D2861002352E4 /* Secrets.swift in Sources */,
				11467D0D2823B202000C8A12 /* CharacterListViewController.swift in Sources */,
				11E05185281D190400451790 /* AppDelegate.swift in Sources */,
				11467D102823B58A000C8A12 /* CharacterListViewModel.swift in Sources */,
				11F552D22824B283002B3CB8 /* URLSession+Cache.swift in Sources */,
				11F552CF2824B01B002B3CB8 /* SimpleLayout.swift in Sources */,
				11F552C528241FA9002B3CB8 /* CharacterDetailViewController.swift in Sources */,
				11F552C728241FB2002B3CB8 /* CharacterDetailViewModel.swift in Sources */,
				11467D292823DDE9000C8A12 /* ImageCollectionViewCell.swift in Sources */,
				11F552D42824B460002B3CB8 /* WireFrame.swift in Sources */,
				11467D1D2823D45E000C8A12 /* ReusableView.swift in Sources */,
				11467D212823D5AD000C8A12 /* UICollectionView+Utils.swift in Sources */,
				11E05187281D190400451790 /* SceneDelegate.swift in Sources */,
			);
			runOnlyForDeploymentPostprocessing = 0;
		};
		11E05193281D190A00451790 /* Sources */ = {
			isa = PBXSourcesBuildPhase;
			buildActionMask = 2147483647;
			files = (
				11E0519C281D190A00451790 /* MarvelAppTests.swift in Sources */,
			);
			runOnlyForDeploymentPostprocessing = 0;
		};
		11E0519D281D190A00451790 /* Sources */ = {
			isa = PBXSourcesBuildPhase;
			buildActionMask = 2147483647;
			files = (
				11E051A6281D190A00451790 /* MarvelAppUITests.swift in Sources */,
				11E051A8281D190A00451790 /* MarvelAppUITestsLaunchTests.swift in Sources */,
			);
			runOnlyForDeploymentPostprocessing = 0;
		};
/* End PBXSourcesBuildPhase section */

/* Begin PBXTargetDependency section */
		113C0378281D2AD8002352E4 /* PBXTargetDependency */ = {
			isa = PBXTargetDependency;
			target = 11E05180281D190400451790 /* MarvelApp */;
			targetProxy = 113C0377281D2AD8002352E4 /* PBXContainerItemProxy */;
		};
		11E05199281D190A00451790 /* PBXTargetDependency */ = {
			isa = PBXTargetDependency;
			target = 11E05180281D190400451790 /* MarvelApp */;
			targetProxy = 11E05198281D190A00451790 /* PBXContainerItemProxy */;
		};
		11E051A3281D190A00451790 /* PBXTargetDependency */ = {
			isa = PBXTargetDependency;
			target = 11E05180281D190400451790 /* MarvelApp */;
			targetProxy = 11E051A2281D190A00451790 /* PBXContainerItemProxy */;
		};
/* End PBXTargetDependency section */

/* Begin PBXVariantGroup section */
		11E0518F281D190900451790 /* LaunchScreen.storyboard */ = {
			isa = PBXVariantGroup;
			children = (
				11E05190281D190900451790 /* Base */,
			);
			name = LaunchScreen.storyboard;
			sourceTree = "<group>";
		};
/* End PBXVariantGroup section */

/* Begin XCBuildConfiguration section */
		113C037A281D2AD8002352E4 /* Debug */ = {
			isa = XCBuildConfiguration;
			buildSettings = {
				BUNDLE_LOADER = "$(TEST_HOST)";
				CLANG_ENABLE_MODULES = YES;
				CODE_SIGN_STYLE = Automatic;
				CURRENT_PROJECT_VERSION = 1;
				DEVELOPMENT_TEAM = FZ32CY9FLM;
				GENERATE_INFOPLIST_FILE = YES;
				LD_RUNPATH_SEARCH_PATHS = (
					"$(inherited)",
					"@executable_path/Frameworks",
					"@loader_path/Frameworks",
				);
				MARKETING_VERSION = 1.0;
				PRODUCT_BUNDLE_IDENTIFIER = es.molestudio.MarvelAppIntegrationTests;
				PRODUCT_NAME = "$(TARGET_NAME)";
				SWIFT_EMIT_LOC_STRINGS = NO;
				SWIFT_OPTIMIZATION_LEVEL = "-Onone";
				SWIFT_VERSION = 5.0;
				TARGETED_DEVICE_FAMILY = "1,2";
				TEST_HOST = "$(BUILT_PRODUCTS_DIR)/MarvelApp.app/MarvelApp";
			};
			name = Debug;
		};
		113C037B281D2AD8002352E4 /* Release */ = {
			isa = XCBuildConfiguration;
			buildSettings = {
				BUNDLE_LOADER = "$(TEST_HOST)";
				CLANG_ENABLE_MODULES = YES;
				CODE_SIGN_STYLE = Automatic;
				CURRENT_PROJECT_VERSION = 1;
				DEVELOPMENT_TEAM = FZ32CY9FLM;
				GENERATE_INFOPLIST_FILE = YES;
				LD_RUNPATH_SEARCH_PATHS = (
					"$(inherited)",
					"@executable_path/Frameworks",
					"@loader_path/Frameworks",
				);
				MARKETING_VERSION = 1.0;
				PRODUCT_BUNDLE_IDENTIFIER = es.molestudio.MarvelAppIntegrationTests;
				PRODUCT_NAME = "$(TARGET_NAME)";
				SWIFT_EMIT_LOC_STRINGS = NO;
				SWIFT_VERSION = 5.0;
				TARGETED_DEVICE_FAMILY = "1,2";
				TEST_HOST = "$(BUILT_PRODUCTS_DIR)/MarvelApp.app/MarvelApp";
			};
			name = Release;
		};
		11E051A9281D190A00451790 /* Debug */ = {
			isa = XCBuildConfiguration;
			buildSettings = {
				ALWAYS_SEARCH_USER_PATHS = NO;
				CLANG_ANALYZER_NONNULL = YES;
				CLANG_ANALYZER_NUMBER_OBJECT_CONVERSION = YES_AGGRESSIVE;
				CLANG_CXX_LANGUAGE_STANDARD = "gnu++17";
				CLANG_ENABLE_MODULES = YES;
				CLANG_ENABLE_OBJC_ARC = YES;
				CLANG_ENABLE_OBJC_WEAK = YES;
				CLANG_WARN_BLOCK_CAPTURE_AUTORELEASING = YES;
				CLANG_WARN_BOOL_CONVERSION = YES;
				CLANG_WARN_COMMA = YES;
				CLANG_WARN_CONSTANT_CONVERSION = YES;
				CLANG_WARN_DEPRECATED_OBJC_IMPLEMENTATIONS = YES;
				CLANG_WARN_DIRECT_OBJC_ISA_USAGE = YES_ERROR;
				CLANG_WARN_DOCUMENTATION_COMMENTS = YES;
				CLANG_WARN_EMPTY_BODY = YES;
				CLANG_WARN_ENUM_CONVERSION = YES;
				CLANG_WARN_INFINITE_RECURSION = YES;
				CLANG_WARN_INT_CONVERSION = YES;
				CLANG_WARN_NON_LITERAL_NULL_CONVERSION = YES;
				CLANG_WARN_OBJC_IMPLICIT_RETAIN_SELF = YES;
				CLANG_WARN_OBJC_LITERAL_CONVERSION = YES;
				CLANG_WARN_OBJC_ROOT_CLASS = YES_ERROR;
				CLANG_WARN_QUOTED_INCLUDE_IN_FRAMEWORK_HEADER = YES;
				CLANG_WARN_RANGE_LOOP_ANALYSIS = YES;
				CLANG_WARN_STRICT_PROTOTYPES = YES;
				CLANG_WARN_SUSPICIOUS_MOVE = YES;
				CLANG_WARN_UNGUARDED_AVAILABILITY = YES_AGGRESSIVE;
				CLANG_WARN_UNREACHABLE_CODE = YES;
				CLANG_WARN__DUPLICATE_METHOD_MATCH = YES;
				COPY_PHASE_STRIP = NO;
				DEBUG_INFORMATION_FORMAT = dwarf;
				ENABLE_STRICT_OBJC_MSGSEND = YES;
				ENABLE_TESTABILITY = YES;
				GCC_C_LANGUAGE_STANDARD = gnu11;
				GCC_DYNAMIC_NO_PIC = NO;
				GCC_NO_COMMON_BLOCKS = YES;
				GCC_OPTIMIZATION_LEVEL = 0;
				GCC_PREPROCESSOR_DEFINITIONS = (
					"DEBUG=1",
					"$(inherited)",
				);
				GCC_WARN_64_TO_32_BIT_CONVERSION = YES;
				GCC_WARN_ABOUT_RETURN_TYPE = YES_ERROR;
				GCC_WARN_UNDECLARED_SELECTOR = YES;
				GCC_WARN_UNINITIALIZED_AUTOS = YES_AGGRESSIVE;
				GCC_WARN_UNUSED_FUNCTION = YES;
				GCC_WARN_UNUSED_VARIABLE = YES;
				IPHONEOS_DEPLOYMENT_TARGET = 15.4;
				MTL_ENABLE_DEBUG_INFO = INCLUDE_SOURCE;
				MTL_FAST_MATH = YES;
				ONLY_ACTIVE_ARCH = YES;
				SDKROOT = iphoneos;
				SWIFT_ACTIVE_COMPILATION_CONDITIONS = DEBUG;
				SWIFT_OPTIMIZATION_LEVEL = "-Onone";
			};
			name = Debug;
		};
		11E051AA281D190A00451790 /* Release */ = {
			isa = XCBuildConfiguration;
			buildSettings = {
				ALWAYS_SEARCH_USER_PATHS = NO;
				CLANG_ANALYZER_NONNULL = YES;
				CLANG_ANALYZER_NUMBER_OBJECT_CONVERSION = YES_AGGRESSIVE;
				CLANG_CXX_LANGUAGE_STANDARD = "gnu++17";
				CLANG_ENABLE_MODULES = YES;
				CLANG_ENABLE_OBJC_ARC = YES;
				CLANG_ENABLE_OBJC_WEAK = YES;
				CLANG_WARN_BLOCK_CAPTURE_AUTORELEASING = YES;
				CLANG_WARN_BOOL_CONVERSION = YES;
				CLANG_WARN_COMMA = YES;
				CLANG_WARN_CONSTANT_CONVERSION = YES;
				CLANG_WARN_DEPRECATED_OBJC_IMPLEMENTATIONS = YES;
				CLANG_WARN_DIRECT_OBJC_ISA_USAGE = YES_ERROR;
				CLANG_WARN_DOCUMENTATION_COMMENTS = YES;
				CLANG_WARN_EMPTY_BODY = YES;
				CLANG_WARN_ENUM_CONVERSION = YES;
				CLANG_WARN_INFINITE_RECURSION = YES;
				CLANG_WARN_INT_CONVERSION = YES;
				CLANG_WARN_NON_LITERAL_NULL_CONVERSION = YES;
				CLANG_WARN_OBJC_IMPLICIT_RETAIN_SELF = YES;
				CLANG_WARN_OBJC_LITERAL_CONVERSION = YES;
				CLANG_WARN_OBJC_ROOT_CLASS = YES_ERROR;
				CLANG_WARN_QUOTED_INCLUDE_IN_FRAMEWORK_HEADER = YES;
				CLANG_WARN_RANGE_LOOP_ANALYSIS = YES;
				CLANG_WARN_STRICT_PROTOTYPES = YES;
				CLANG_WARN_SUSPICIOUS_MOVE = YES;
				CLANG_WARN_UNGUARDED_AVAILABILITY = YES_AGGRESSIVE;
				CLANG_WARN_UNREACHABLE_CODE = YES;
				CLANG_WARN__DUPLICATE_METHOD_MATCH = YES;
				COPY_PHASE_STRIP = NO;
				DEBUG_INFORMATION_FORMAT = "dwarf-with-dsym";
				ENABLE_NS_ASSERTIONS = NO;
				ENABLE_STRICT_OBJC_MSGSEND = YES;
				GCC_C_LANGUAGE_STANDARD = gnu11;
				GCC_NO_COMMON_BLOCKS = YES;
				GCC_WARN_64_TO_32_BIT_CONVERSION = YES;
				GCC_WARN_ABOUT_RETURN_TYPE = YES_ERROR;
				GCC_WARN_UNDECLARED_SELECTOR = YES;
				GCC_WARN_UNINITIALIZED_AUTOS = YES_AGGRESSIVE;
				GCC_WARN_UNUSED_FUNCTION = YES;
				GCC_WARN_UNUSED_VARIABLE = YES;
				IPHONEOS_DEPLOYMENT_TARGET = 15.4;
				MTL_ENABLE_DEBUG_INFO = NO;
				MTL_FAST_MATH = YES;
				SDKROOT = iphoneos;
				SWIFT_COMPILATION_MODE = wholemodule;
				SWIFT_OPTIMIZATION_LEVEL = "-O";
				VALIDATE_PRODUCT = YES;
			};
			name = Release;
		};
		11E051AC281D190A00451790 /* Debug */ = {
			isa = XCBuildConfiguration;
			buildSettings = {
				ASSETCATALOG_COMPILER_APPICON_NAME = AppIcon;
				ASSETCATALOG_COMPILER_GLOBAL_ACCENT_COLOR_NAME = AccentColor;
				CODE_SIGN_STYLE = Automatic;
				CURRENT_PROJECT_VERSION = 1;
				DEVELOPMENT_TEAM = FZ32CY9FLM;
				GENERATE_INFOPLIST_FILE = YES;
				INFOPLIST_FILE = MarvelApp/Info.plist;
				INFOPLIST_KEY_UIApplicationSupportsIndirectInputEvents = YES;
				INFOPLIST_KEY_UILaunchStoryboardName = LaunchScreen;
				INFOPLIST_KEY_UISupportedInterfaceOrientations_iPad = "UIInterfaceOrientationPortrait UIInterfaceOrientationPortraitUpsideDown UIInterfaceOrientationLandscapeLeft UIInterfaceOrientationLandscapeRight";
				INFOPLIST_KEY_UISupportedInterfaceOrientations_iPhone = "UIInterfaceOrientationPortrait UIInterfaceOrientationLandscapeLeft UIInterfaceOrientationLandscapeRight";
				LD_RUNPATH_SEARCH_PATHS = (
					"$(inherited)",
					"@executable_path/Frameworks",
				);
				MARKETING_VERSION = 1.0;
				PRODUCT_BUNDLE_IDENTIFIER = es.molestudio.MarvelApp;
				PRODUCT_NAME = "$(TARGET_NAME)";
				SWIFT_EMIT_LOC_STRINGS = YES;
				SWIFT_VERSION = 5.0;
				TARGETED_DEVICE_FAMILY = "1,2";
			};
			name = Debug;
		};
		11E051AD281D190A00451790 /* Release */ = {
			isa = XCBuildConfiguration;
			buildSettings = {
				ASSETCATALOG_COMPILER_APPICON_NAME = AppIcon;
				ASSETCATALOG_COMPILER_GLOBAL_ACCENT_COLOR_NAME = AccentColor;
				CODE_SIGN_STYLE = Automatic;
				CURRENT_PROJECT_VERSION = 1;
				DEVELOPMENT_TEAM = FZ32CY9FLM;
				GENERATE_INFOPLIST_FILE = YES;
				INFOPLIST_FILE = MarvelApp/Info.plist;
				INFOPLIST_KEY_UIApplicationSupportsIndirectInputEvents = YES;
				INFOPLIST_KEY_UILaunchStoryboardName = LaunchScreen;
				INFOPLIST_KEY_UISupportedInterfaceOrientations_iPad = "UIInterfaceOrientationPortrait UIInterfaceOrientationPortraitUpsideDown UIInterfaceOrientationLandscapeLeft UIInterfaceOrientationLandscapeRight";
				INFOPLIST_KEY_UISupportedInterfaceOrientations_iPhone = "UIInterfaceOrientationPortrait UIInterfaceOrientationLandscapeLeft UIInterfaceOrientationLandscapeRight";
				LD_RUNPATH_SEARCH_PATHS = (
					"$(inherited)",
					"@executable_path/Frameworks",
				);
				MARKETING_VERSION = 1.0;
				PRODUCT_BUNDLE_IDENTIFIER = es.molestudio.MarvelApp;
				PRODUCT_NAME = "$(TARGET_NAME)";
				SWIFT_EMIT_LOC_STRINGS = YES;
				SWIFT_VERSION = 5.0;
				TARGETED_DEVICE_FAMILY = "1,2";
			};
			name = Release;
		};
		11E051AF281D190A00451790 /* Debug */ = {
			isa = XCBuildConfiguration;
			buildSettings = {
				ALWAYS_EMBED_SWIFT_STANDARD_LIBRARIES = YES;
				BUNDLE_LOADER = "$(TEST_HOST)";
				CODE_SIGN_STYLE = Automatic;
				CURRENT_PROJECT_VERSION = 1;
				DEVELOPMENT_TEAM = FZ32CY9FLM;
				GENERATE_INFOPLIST_FILE = YES;
				IPHONEOS_DEPLOYMENT_TARGET = 15.4;
				MARKETING_VERSION = 1.0;
				PRODUCT_BUNDLE_IDENTIFIER = es.molestudio.MarvelAppTests;
				PRODUCT_NAME = "$(TARGET_NAME)";
				SWIFT_EMIT_LOC_STRINGS = NO;
				SWIFT_VERSION = 5.0;
				TARGETED_DEVICE_FAMILY = "1,2";
				TEST_HOST = "$(BUILT_PRODUCTS_DIR)/MarvelApp.app/MarvelApp";
			};
			name = Debug;
		};
		11E051B0281D190A00451790 /* Release */ = {
			isa = XCBuildConfiguration;
			buildSettings = {
				ALWAYS_EMBED_SWIFT_STANDARD_LIBRARIES = YES;
				BUNDLE_LOADER = "$(TEST_HOST)";
				CODE_SIGN_STYLE = Automatic;
				CURRENT_PROJECT_VERSION = 1;
				DEVELOPMENT_TEAM = FZ32CY9FLM;
				GENERATE_INFOPLIST_FILE = YES;
				IPHONEOS_DEPLOYMENT_TARGET = 15.4;
				MARKETING_VERSION = 1.0;
				PRODUCT_BUNDLE_IDENTIFIER = es.molestudio.MarvelAppTests;
				PRODUCT_NAME = "$(TARGET_NAME)";
				SWIFT_EMIT_LOC_STRINGS = NO;
				SWIFT_VERSION = 5.0;
				TARGETED_DEVICE_FAMILY = "1,2";
				TEST_HOST = "$(BUILT_PRODUCTS_DIR)/MarvelApp.app/MarvelApp";
			};
			name = Release;
		};
		11E051B2281D190A00451790 /* Debug */ = {
			isa = XCBuildConfiguration;
			buildSettings = {
				ALWAYS_EMBED_SWIFT_STANDARD_LIBRARIES = YES;
				CODE_SIGN_STYLE = Automatic;
				CURRENT_PROJECT_VERSION = 1;
				DEVELOPMENT_TEAM = FZ32CY9FLM;
				GENERATE_INFOPLIST_FILE = YES;
				MARKETING_VERSION = 1.0;
				PRODUCT_BUNDLE_IDENTIFIER = es.molestudio.MarvelAppUITests;
				PRODUCT_NAME = "$(TARGET_NAME)";
				SWIFT_EMIT_LOC_STRINGS = NO;
				SWIFT_VERSION = 5.0;
				TARGETED_DEVICE_FAMILY = "1,2";
				TEST_TARGET_NAME = MarvelApp;
			};
			name = Debug;
		};
		11E051B3281D190A00451790 /* Release */ = {
			isa = XCBuildConfiguration;
			buildSettings = {
				ALWAYS_EMBED_SWIFT_STANDARD_LIBRARIES = YES;
				CODE_SIGN_STYLE = Automatic;
				CURRENT_PROJECT_VERSION = 1;
				DEVELOPMENT_TEAM = FZ32CY9FLM;
				GENERATE_INFOPLIST_FILE = YES;
				MARKETING_VERSION = 1.0;
				PRODUCT_BUNDLE_IDENTIFIER = es.molestudio.MarvelAppUITests;
				PRODUCT_NAME = "$(TARGET_NAME)";
				SWIFT_EMIT_LOC_STRINGS = NO;
				SWIFT_VERSION = 5.0;
				TARGETED_DEVICE_FAMILY = "1,2";
				TEST_TARGET_NAME = MarvelApp;
			};
			name = Release;
		};
/* End XCBuildConfiguration section */

/* Begin XCConfigurationList section */
		113C0379281D2AD8002352E4 /* Build configuration list for PBXNativeTarget "MarvelAppIntegrationTests" */ = {
			isa = XCConfigurationList;
			buildConfigurations = (
				113C037A281D2AD8002352E4 /* Debug */,
				113C037B281D2AD8002352E4 /* Release */,
			);
			defaultConfigurationIsVisible = 0;
			defaultConfigurationName = Release;
		};
		11E0517C281D190400451790 /* Build configuration list for PBXProject "MarvelApp" */ = {
			isa = XCConfigurationList;
			buildConfigurations = (
				11E051A9281D190A00451790 /* Debug */,
				11E051AA281D190A00451790 /* Release */,
			);
			defaultConfigurationIsVisible = 0;
			defaultConfigurationName = Release;
		};
		11E051AB281D190A00451790 /* Build configuration list for PBXNativeTarget "MarvelApp" */ = {
			isa = XCConfigurationList;
			buildConfigurations = (
				11E051AC281D190A00451790 /* Debug */,
				11E051AD281D190A00451790 /* Release */,
			);
			defaultConfigurationIsVisible = 0;
			defaultConfigurationName = Release;
		};
		11E051AE281D190A00451790 /* Build configuration list for PBXNativeTarget "MarvelAppTests" */ = {
			isa = XCConfigurationList;
			buildConfigurations = (
				11E051AF281D190A00451790 /* Debug */,
				11E051B0281D190A00451790 /* Release */,
			);
			defaultConfigurationIsVisible = 0;
			defaultConfigurationName = Release;
		};
		11E051B1281D190A00451790 /* Build configuration list for PBXNativeTarget "MarvelAppUITests" */ = {
			isa = XCConfigurationList;
			buildConfigurations = (
				11E051B2281D190A00451790 /* Debug */,
				11E051B3281D190A00451790 /* Release */,
			);
			defaultConfigurationIsVisible = 0;
			defaultConfigurationName = Release;
		};
/* End XCConfigurationList section */
	};
	rootObject = 11E05179281D190400451790 /* Project object */;
}
